
Microsoft Visual Studio Solution File, Format Version 12.00
# Visual Studio Version 17
VisualStudioVersion = 17.10.35013.160
MinimumVisualStudioVersion = 10.0.40219.1
Project("{FAE04EC0-301F-11D3-BF4B-00C04F79EFBC}") = "readFromVaulte", "readFromVaulte\readFromVaulte.csproj", "{25EEF41A-A0BB-4611-961A-DBA26A371B94}"
EndProject
Global
	GlobalSection(SolutionConfigurationPlatforms) = preSolution
		Debug|Any CPU = Debug|Any CPU
		Release|Any CPU = Release|Any CPU
	EndGlobalSection
	GlobalSection(ProjectConfigurationPlatforms) = postSolution
		{25EEF41A-A0BB-4611-961A-DBA26A371B94}.Debug|Any CPU.ActiveCfg = Debug|Any CPU
		{25EEF41A-A0BB-4611-961A-DBA26A371B94}.Debug|Any CPU.Build.0 = Debug|Any CPU
		{25EEF41A-A0BB-4611-961A-DBA26A371B94}.Release|Any CPU.ActiveCfg = Release|Any CPU
		{25EEF41A-A0BB-4611-961A-DBA26A371B94}.Release|Any CPU.Build.0 = Release|Any CPU
	EndGlobalSection
	GlobalSection(SolutionProperties) = preSolution
		HideSolutionNode = FALSE
	EndGlobalSection
	GlobalSection(ExtensibilityGlobals) = postSolution
		SolutionGuid = {8CE0C9CB-0A8A-462D-9E88-D9B8C1BF1CB3}
	EndGlobalSection
EndGlobal
